
Microsoft Visual Studio Solution File, Format Version 12.00
# Visual Studio Version 17
VisualStudioVersion = 17.7.34018.315
MinimumVisualStudioVersion = 10.0.40219.1
Project("{FAE04EC0-301F-11D3-BF4B-00C04F79EFBC}") = "WpfApp13", "WpfApp13\WpfApp13.csproj", "{A52FDB5B-BAF2-48A6-960A-19A1C6C59716}"
EndProject
Global
	GlobalSection(SolutionConfigurationPlatforms) = preSolution
		Debug|Any CPU = Debug|Any CPU
		Release|Any CPU = Release|Any CPU
	EndGlobalSection
	GlobalSection(ProjectConfigurationPlatforms) = postSolution
		{A52FDB5B-BAF2-48A6-960A-19A1C6C59716}.Debug|Any CPU.ActiveCfg = Debug|Any CPU
		{A52FDB5B-BAF2-48A6-960A-19A1C6C59716}.Debug|Any CPU.Build.0 = Debug|Any CPU
		{A52FDB5B-BAF2-48A6-960A-19A1C6C59716}.Release|Any CPU.ActiveCfg = Release|Any CPU
		{A52FDB5B-BAF2-48A6-960A-19A1C6C59716}.Release|Any CPU.Build.0 = Release|Any CPU
	EndGlobalSection
	GlobalSection(SolutionProperties) = preSolution
		HideSolutionNode = FALSE
	EndGlobalSection
	GlobalSection(ExtensibilityGlobals) = postSolution
		SolutionGuid = {343FA3E9-DFAD-4A02-982D-56D505063ABA}
	EndGlobalSection
EndGlobal
